
Microsoft Visual Studio Solution File, Format Version 12.00
# Visual Studio Version 16
VisualStudioVersion = 16.0.30104.148
MinimumVisualStudioVersion = 10.0.40219.1
Project("{9A19103F-16F7-4668-BE54-9A1E7A4F7556}") = "TrackerLibrary", "TrackerLibrary\TrackerLibrary.csproj", "{49ECCA5E-8CBE-432B-83A3-784BD7152FE9}"
EndProject
Project("{FAE04EC0-301F-11D3-BF4B-00C04F79EFBC}") = "TrackerUI", "TrackerUI\TrackerUI.csproj", "{50333F78-73E0-495E-B2AE-B9A8A065CB8C}"
EndProject
Global
	GlobalSection(SolutionConfigurationPlatforms) = preSolution
		Debug|Any CPU = Debug|Any CPU
		Release|Any CPU = Release|Any CPU
	EndGlobalSection
	GlobalSection(ProjectConfigurationPlatforms) = postSolution
		{49ECCA5E-8CBE-432B-83A3-784BD7152FE9}.Debug|Any CPU.ActiveCfg = Debug|Any CPU
		{49ECCA5E-8CBE-432B-83A3-784BD7152FE9}.Debug|Any CPU.Build.0 = Debug|Any CPU
		{49ECCA5E-8CBE-432B-83A3-784BD7152FE9}.Release|Any CPU.ActiveCfg = Release|Any CPU
		{49ECCA5E-8CBE-432B-83A3-784BD7152FE9}.Release|Any CPU.Build.0 = Release|Any CPU
		{50333F78-73E0-495E-B2AE-B9A8A065CB8C}.Debug|Any CPU.ActiveCfg = Debug|Any CPU
		{50333F78-73E0-495E-B2AE-B9A8A065CB8C}.Debug|Any CPU.Build.0 = Debug|Any CPU
		{50333F78-73E0-495E-B2AE-B9A8A065CB8C}.Release|Any CPU.ActiveCfg = Release|Any CPU
		{50333F78-73E0-495E-B2AE-B9A8A065CB8C}.Release|Any CPU.Build.0 = Release|Any CPU
	EndGlobalSection
	GlobalSection(SolutionProperties) = preSolution
		HideSolutionNode = FALSE
	EndGlobalSection
	GlobalSection(ExtensibilityGlobals) = postSolution
		SolutionGuid = {76A2DBB1-3DC6-49B2-A270-17303033C1D3}
	EndGlobalSection
EndGlobal
